// !$*UTF8*$!
{
	archiveVersion = 1;
	classes = {
	};
	objectVersion = 46;
	objects = {

/* Begin PBXBuildFile section */
		AB6E1F101DFE5B8900A9E5B0 /* AppDelegate.swift in Sources */ = {isa = PBXBuildFile; fileRef = AB6E1F0F1DFE5B8900A9E5B0 /* AppDelegate.swift */; };
		AB6E1F121DFE5B8900A9E5B0 /* ViewController.swift in Sources */ = {isa = PBXBuildFile; fileRef = AB6E1F111DFE5B8900A9E5B0 /* ViewController.swift */; };
		AB6E1F151DFE5B8900A9E5B0 /* Main.storyboard in Resources */ = {isa = PBXBuildFile; fileRef = AB6E1F131DFE5B8900A9E5B0 /* Main.storyboard */; };
		AB6E1F171DFE5B8900A9E5B0 /* Assets.xcassets in Resources */ = {isa = PBXBuildFile; fileRef = AB6E1F161DFE5B8900A9E5B0 /* Assets.xcassets */; };
		AB6E1F1A1DFE5B8900A9E5B0 /* LaunchScreen.storyboard in Resources */ = {isa = PBXBuildFile; fileRef = AB6E1F181DFE5B8900A9E5B0 /* LaunchScreen.storyboard */; };
		AB6E1F251DFE5B8A00A9E5B0 /* SkyControlTests.swift in Sources */ = {isa = PBXBuildFile; fileRef = AB6E1F241DFE5B8A00A9E5B0 /* SkyControlTests.swift */; };
/* End PBXBuildFile section */

/* Begin PBXContainerItemProxy section */
		AB6E1F211DFE5B8A00A9E5B0 /* PBXContainerItemProxy */ = {
			isa = PBXContainerItemProxy;
			containerPortal = AB6E1F041DFE5B8900A9E5B0 /* Project object */;
			proxyType = 1;
			remoteGlobalIDString = AB6E1F0B1DFE5B8900A9E5B0;
			remoteInfo = SkyControl;
		};
/* End PBXContainerItemProxy section */

/* Begin PBXFileReference section */
		AB6E1F0C1DFE5B8900A9E5B0 /* SkyControl.app */ = {isa = PBXFileReference; explicitFileType = wrapper.application; includeInIndex = 0; path = SkyControl.app; sourceTree = BUILT_PRODUCTS_DIR; };
		AB6E1F0F1DFE5B8900A9E5B0 /* AppDelegate.swift */ = {isa = PBXFileReference; lastKnownFileType = sourcecode.swift; path = AppDelegate.swift; sourceTree = "<group>"; };
		AB6E1F111DFE5B8900A9E5B0 /* ViewController.swift */ = {isa = PBXFileReference; lastKnownFileType = sourcecode.swift; path = ViewController.swift; sourceTree = "<group>"; };
		AB6E1F141DFE5B8900A9E5B0 /* Base */ = {isa = PBXFileReference; lastKnownFileType = file.storyboard; name = Base; path = Base.lproj/Main.storyboard; sourceTree = "<group>"; };
		AB6E1F161DFE5B8900A9E5B0 /* Assets.xcassets */ = {isa = PBXFileReference; lastKnownFileType = folder.assetcatalog; path = Assets.xcassets; sourceTree = "<group>"; };
		AB6E1F191DFE5B8900A9E5B0 /* Base */ = {isa = PBXFileReference; lastKnownFileType = file.storyboard; name = Base; path = Base.lproj/LaunchScreen.storyboard; sourceTree = "<group>"; };
		AB6E1F1B1DFE5B8900A9E5B0 /* Info.plist */ = {isa = PBXFileReference; lastKnownFileType = text.plist.xml; path = Info.plist; sourceTree = "<group>"; };
		AB6E1F201DFE5B8A00A9E5B0 /* SkyControlTests.xctest */ = {isa = PBXFileReference; explicitFileType = wrapper.cfbundle; includeInIndex = 0; path = SkyControlTests.xctest; sourceTree = BUILT_PRODUCTS_DIR; };
		AB6E1F241DFE5B8A00A9E5B0 /* SkyControlTests.swift */ = {isa = PBXFileReference; lastKnownFileType = sourcecode.swift; path = SkyControlTests.swift; sourceTree = "<group>"; };
		AB6E1F261DFE5B8A00A9E5B0 /* Info.plist */ = {isa = PBXFileReference; lastKnownFileType = text.plist.xml; path = Info.plist; sourceTree = "<group>"; };
/* End PBXFileReference section */

/* Begin PBXFrameworksBuildPhase section */
		AB6E1F091DFE5B8900A9E5B0 /* Frameworks */ = {
			isa = PBXFrameworksBuildPhase;
			buildActionMask = 2147483647;
			files = (
			);
			runOnlyForDeploymentPostprocessing = 0;
		};
		AB6E1F1D1DFE5B8A00A9E5B0 /* Frameworks */ = {
			isa = PBXFrameworksBuildPhase;
			buildActionMask = 2147483647;
			files = (
			);
			runOnlyForDeploymentPostprocessing = 0;
		};
/* End PBXFrameworksBuildPhase section */

/* Begin PBXGroup section */
		AB6E1F031DFE5B8900A9E5B0 = {
			isa = PBXGroup;
			children = (
				AB6E1F0E1DFE5B8900A9E5B0 /* SkyControl */,
				AB6E1F231DFE5B8A00A9E5B0 /* SkyControlTests */,
				AB6E1F0D1DFE5B8900A9E5B0 /* Products */,
			);
			sourceTree = "<group>";
		};
		AB6E1F0D1DFE5B8900A9E5B0 /* Products */ = {
			isa = PBXGroup;
			children = (
				AB6E1F0C1DFE5B8900A9E5B0 /* SkyControl.app */,
				AB6E1F201DFE5B8A00A9E5B0 /* SkyControlTests.xctest */,
			);
			name = Products;
			sourceTree = "<group>";
		};
		AB6E1F0E1DFE5B8900A9E5B0 /* SkyControl */ = {
			isa = PBXGroup;
			children = (
				AB6E1F0F1DFE5B8900A9E5B0 /* AppDelegate.swift */,
				AB6E1F111DFE5B8900A9E5B0 /* ViewController.swift */,
				AB6E1F131DFE5B8900A9E5B0 /* Main.storyboard */,
				AB6E1F161DFE5B8900A9E5B0 /* Assets.xcassets */,
				AB6E1F181DFE5B8900A9E5B0 /* LaunchScreen.storyboard */,
				AB6E1F1B1DFE5B8900A9E5B0 /* Info.plist */,
			);
			path = SkyControl;
			sourceTree = "<group>";
		};
		AB6E1F231DFE5B8A00A9E5B0 /* SkyControlTests */ = {
			isa = PBXGroup;
			children = (
				AB6E1F241DFE5B8A00A9E5B0 /* SkyControlTests.swift */,
				AB6E1F261DFE5B8A00A9E5B0 /* Info.plist */,
			);
			path = SkyControlTests;
			sourceTree = "<group>";
		};
/* End PBXGroup section */

/* Begin PBXNativeTarget section */
		AB6E1F0B1DFE5B8900A9E5B0 /* SkyControl */ = {
			isa = PBXNativeTarget;
			buildConfigurationList = AB6E1F291DFE5B8A00A9E5B0 /* Build configuration list for PBXNativeTarget "SkyControl" */;
			buildPhases = (
				AB6E1F081DFE5B8900A9E5B0 /* Sources */,
				AB6E1F091DFE5B8900A9E5B0 /* Frameworks */,
				AB6E1F0A1DFE5B8900A9E5B0 /* Resources */,
			);
			buildRules = (
			);
			dependencies = (
			);
			name = SkyControl;
			productName = SkyControl;
			productReference = AB6E1F0C1DFE5B8900A9E5B0 /* SkyControl.app */;
			productType = "com.apple.product-type.application";
		};
		AB6E1F1F1DFE5B8A00A9E5B0 /* SkyControlTests */ = {
			isa = PBXNativeTarget;
			buildConfigurationList = AB6E1F2C1DFE5B8A00A9E5B0 /* Build configuration list for PBXNativeTarget "SkyControlTests" */;
			buildPhases = (
				AB6E1F1C1DFE5B8A00A9E5B0 /* Sources */,
				AB6E1F1D1DFE5B8A00A9E5B0 /* Frameworks */,
				AB6E1F1E1DFE5B8A00A9E5B0 /* Resources */,
			);
			buildRules = (
			);
			dependencies = (
				AB6E1F221DFE5B8A00A9E5B0 /* PBXTargetDependency */,
			);
			name = SkyControlTests;
			productName = SkyControlTests;
			productReference = AB6E1F201DFE5B8A00A9E5B0 /* SkyControlTests.xctest */;
			productType = "com.apple.product-type.bundle.unit-test";
		};
/* End PBXNativeTarget section */

/* Begin PBXProject section */
		AB6E1F041DFE5B8900A9E5B0 /* Project object */ = {
			isa = PBXProject;
			attributes = {
				LastSwiftUpdateCheck = 0810;
				LastUpgradeCheck = 0810;
				ORGANIZATIONNAME = "Clare Bornstein";
				TargetAttributes = {
					AB6E1F0B1DFE5B8900A9E5B0 = {
						CreatedOnToolsVersion = 8.1;
						DevelopmentTeam = 4YVT7ETAN3;
						ProvisioningStyle = Automatic;
					};
					AB6E1F1F1DFE5B8A00A9E5B0 = {
						CreatedOnToolsVersion = 8.1;
						ProvisioningStyle = Automatic;
						TestTargetID = AB6E1F0B1DFE5B8900A9E5B0;
					};
				};
			};
			buildConfigurationList = AB6E1F071DFE5B8900A9E5B0 /* Build configuration list for PBXProject "SkyControl" */;
			compatibilityVersion = "Xcode 3.2";
			developmentRegion = English;
			hasScannedForEncodings = 0;
			knownRegions = (
				en,
				Base,
			);
			mainGroup = AB6E1F031DFE5B8900A9E5B0;
			productRefGroup = AB6E1F0D1DFE5B8900A9E5B0 /* Products */;
			projectDirPath = "";
			projectRoot = "";
			targets = (
				AB6E1F0B1DFE5B8900A9E5B0 /* SkyControl */,
				AB6E1F1F1DFE5B8A00A9E5B0 /* SkyControlTests */,
			);
		};
/* End PBXProject section */

/* Begin PBXResourcesBuildPhase section */
		AB6E1F0A1DFE5B8900A9E5B0 /* Resources */ = {
			isa = PBXResourcesBuildPhase;
			buildActionMask = 2147483647;
			files = (
				AB6E1F1A1DFE5B8900A9E5B0 /* LaunchScreen.storyboard in Resources */,
				AB6E1F171DFE5B8900A9E5B0 /* Assets.xcassets in Resources */,
				AB6E1F151DFE5B8900A9E5B0 /* Main.storyboard in Resources */,
			);
			runOnlyForDeploymentPostprocessing = 0;
		};
		AB6E1F1E1DFE5B8A00A9E5B0 /* Resources */ = {
			isa = PBXResourcesBuildPhase;
			buildActionMask = 2147483647;
			files = (
			);
			runOnlyForDeploymentPostprocessing = 0;
		};
/* End PBXResourcesBuildPhase section */

/* Begin PBXSourcesBuildPhase section */
		AB6E1F081DFE5B8900A9E5B0 /* Sources */ = {
			isa = PBXSourcesBuildPhase;
			buildActionMask = 2147483647;
			files = (
				AB6E1F121DFE5B8900A9E5B0 /* ViewController.swift in Sources */,
				AB6E1F101DFE5B8900A9E5B0 /* AppDelegate.swift in Sources */,
			);
			runOnlyForDeploymentPostprocessing = 0;
		};
		AB6E1F1C1DFE5B8A00A9E5B0 /* Sources */ = {
			isa = PBXSourcesBuildPhase;
			buildActionMask = 2147483647;
			files = (
				AB6E1F251DFE5B8A00A9E5B0 /* SkyControlTests.swift in Sources */,
			);
			runOnlyForDeploymentPostprocessing = 0;
		};
/* End PBXSourcesBuildPhase section */

/* Begin PBXTargetDependency section */
		AB6E1F221DFE5B8A00A9E5B0 /* PBXTargetDependency */ = {
			isa = PBXTargetDependency;
			target = AB6E1F0B1DFE5B8900A9E5B0 /* SkyControl */;
			targetProxy = AB6E1F211DFE5B8A00A9E5B0 /* PBXContainerItemProxy */;
		};
/* End PBXTargetDependency section */

/* Begin PBXVariantGroup section */
		AB6E1F131DFE5B8900A9E5B0 /* Main.storyboard */ = {
			isa = PBXVariantGroup;
			children = (
				AB6E1F141DFE5B8900A9E5B0 /* Base */,
			);
			name = Main.storyboard;
			sourceTree = "<group>";
		};
		AB6E1F181DFE5B8900A9E5B0 /* LaunchScreen.storyboard */ = {
			isa = PBXVariantGroup;
			children = (
				AB6E1F191DFE5B8900A9E5B0 /* Base */,
			);
			name = LaunchScreen.storyboard;
			sourceTree = "<group>";
		};
/* End PBXVariantGroup section */

/* Begin XCBuildConfiguration section */
		AB6E1F271DFE5B8A00A9E5B0 /* Debug */ = {
			isa = XCBuildConfiguration;
			buildSettings = {
				ALWAYS_SEARCH_USER_PATHS = NO;
				CLANG_ANALYZER_NONNULL = YES;
				CLANG_CXX_LANGUAGE_STANDARD = "gnu++0x";
				CLANG_CXX_LIBRARY = "libc++";
				CLANG_ENABLE_MODULES = YES;
				CLANG_ENABLE_OBJC_ARC = YES;
				CLANG_WARN_BOOL_CONVERSION = YES;
				CLANG_WARN_CONSTANT_CONVERSION = YES;
				CLANG_WARN_DIRECT_OBJC_ISA_USAGE = YES_ERROR;
				CLANG_WARN_DOCUMENTATION_COMMENTS = YES;
				CLANG_WARN_EMPTY_BODY = YES;
				CLANG_WARN_ENUM_CONVERSION = YES;
				CLANG_WARN_INFINITE_RECURSION = YES;
				CLANG_WARN_INT_CONVERSION = YES;
				CLANG_WARN_OBJC_ROOT_CLASS = YES_ERROR;
				CLANG_WARN_SUSPICIOUS_MOVES = YES;
				CLANG_WARN_UNREACHABLE_CODE = YES;
				CLANG_WARN__DUPLICATE_METHOD_MATCH = YES;
				"CODE_SIGN_IDENTITY[sdk=iphoneos*]" = "iPhone Developer";
				COPY_PHASE_STRIP = NO;
				DEBUG_INFORMATION_FORMAT = dwarf;
				ENABLE_STRICT_OBJC_MSGSEND = YES;
				ENABLE_TESTABILITY = YES;
				GCC_C_LANGUAGE_STANDARD = gnu99;
				GCC_DYNAMIC_NO_PIC = NO;
				GCC_NO_COMMON_BLOCKS = YES;
				GCC_OPTIMIZATION_LEVEL = 0;
				GCC_PREPROCESSOR_DEFINITIONS = (
					"DEBUG=1",
					"$(inherited)",
				);
				GCC_WARN_64_TO_32_BIT_CONVERSION = YES;
				GCC_WARN_ABOUT_RETURN_TYPE = YES_ERROR;
				GCC_WARN_UNDECLARED_SELECTOR = YES;
				GCC_WARN_UNINITIALIZED_AUTOS = YES_AGGRESSIVE;
				GCC_WARN_UNUSED_FUNCTION = YES;
				GCC_WARN_UNUSED_VARIABLE = YES;
				IPHONEOS_DEPLOYMENT_TARGET = 10.1;
				MTL_ENABLE_DEBUG_INFO = YES;
				ONLY_ACTIVE_ARCH = YES;
				SDKROOT = iphoneos;
				SWIFT_ACTIVE_COMPILATION_CONDITIONS = DEBUG;
				SWIFT_OPTIMIZATION_LEVEL = "-Onone";
				TARGETED_DEVICE_FAMILY = "1,2";
			};
			name = Debug;
		};
		AB6E1F281DFE5B8A00A9E5B0 /* Release */ = {
			isa = XCBuildConfiguration;
			buildSettings = {
				ALWAYS_SEARCH_USER_PATHS = NO;
				CLANG_ANALYZER_NONNULL = YES;
				CLANG_CXX_LANGUAGE_STANDARD = "gnu++0x";
				CLANG_CXX_LIBRARY = "libc++";
				CLANG_ENABLE_MODULES = YES;
				CLANG_ENABLE_OBJC_ARC = YES;
				CLANG_WARN_BOOL_CONVERSION = YES;
				CLANG_WARN_CONSTANT_CONVERSION = YES;
				CLANG_WARN_DIRECT_OBJC_ISA_USAGE = YES_ERROR;
				CLANG_WARN_DOCUMENTATION_COMMENTS = YES;
				CLANG_WARN_EMPTY_BODY = YES;
				CLANG_WARN_ENUM_CONVERSION = YES;
				CLANG_WARN_INFINITE_RECURSION = YES;
				CLANG_WARN_INT_CONVERSION = YES;
				CLANG_WARN_OBJC_ROOT_CLASS = YES_ERROR;
				CLANG_WARN_SUSPICIOUS_MOVES = YES;
				CLANG_WARN_UNREACHABLE_CODE = YES;
				CLANG_WARN__DUPLICATE_METHOD_MATCH = YES;
				"CODE_SIGN_IDENTITY[sdk=iphoneos*]" = "iPhone Developer";
				COPY_PHASE_STRIP = NO;
				DEBUG_INFORMATION_FORMAT = "dwarf-with-dsym";
				ENABLE_NS_ASSERTIONS = NO;
				ENABLE_STRICT_OBJC_MSGSEND = YES;
				GCC_C_LANGUAGE_STANDARD = gnu99;
				GCC_NO_COMMON_BLOCKS = YES;
				GCC_WARN_64_TO_32_BIT_CONVERSION = YES;
				GCC_WARN_ABOUT_RETURN_TYPE = YES_ERROR;
				GCC_WARN_UNDECLARED_SELECTOR = YES;
				GCC_WARN_UNINITIALIZED_AUTOS = YES_AGGRESSIVE;
				GCC_WARN_UNUSED_FUNCTION = YES;
				GCC_WARN_UNUSED_VARIABLE = YES;
				IPHONEOS_DEPLOYMENT_TARGET = 10.1;
				MTL_ENABLE_DEBUG_INFO = NO;
				SDKROOT = iphoneos;
				SWIFT_OPTIMIZATION_LEVEL = "-Owholemodule";
				TARGETED_DEVICE_FAMILY = "1,2";
				VALIDATE_PRODUCT = YES;
			};
			name = Release;
		};
		AB6E1F2A1DFE5B8A00A9E5B0 /* Debug */ = {
			isa = XCBuildConfiguration;
			buildSettings = {
				ASSETCATALOG_COMPILER_APPICON_NAME = AppIcon;
				DEVELOPMENT_TEAM = 4YVT7ETAN3;
				INFOPLIST_FILE = SkyControl/Info.plist;
				LD_RUNPATH_SEARCH_PATHS = "$(inherited) @executable_path/Frameworks";
				PRODUCT_BUNDLE_IDENTIFIER = dd.SkyControl;
				PRODUCT_NAME = "$(TARGET_NAME)";
				SWIFT_VERSION = 3.0;
			};
			name = Debug;
		};
		AB6E1F2B1DFE5B8A00A9E5B0 /* Release */ = {
			isa = XCBuildConfiguration;
			buildSettings = {
				ASSETCATALOG_COMPILER_APPICON_NAME = AppIcon;
				DEVELOPMENT_TEAM = 4YVT7ETAN3;
				INFOPLIST_FILE = SkyControl/Info.plist;
				LD_RUNPATH_SEARCH_PATHS = "$(inherited) @executable_path/Frameworks";
				PRODUCT_BUNDLE_IDENTIFIER = dd.SkyControl;
				PRODUCT_NAME = "$(TARGET_NAME)";
				SWIFT_VERSION = 3.0;
			};
			name = Release;
		};
		AB6E1F2D1DFE5B8A00A9E5B0 /* Debug */ = {
			isa = XCBuildConfiguration;
			buildSettings = {
				ALWAYS_EMBED_SWIFT_STANDARD_LIBRARIES = YES;
				BUNDLE_LOADER = "$(TEST_HOST)";
				INFOPLIST_FILE = SkyControlTests/Info.plist;
				LD_RUNPATH_SEARCH_PATHS = "$(inherited) @executable_path/Frameworks @loader_path/Frameworks";
				PRODUCT_BUNDLE_IDENTIFIER = dd.SkyControlTests;
				PRODUCT_NAME = "$(TARGET_NAME)";
				SWIFT_VERSION = 3.0;
				TEST_HOST = "$(BUILT_PRODUCTS_DIR)/SkyControl.app/SkyControl";
			};
			name = Debug;
		};
		AB6E1F2E1DFE5B8A00A9E5B0 /* Release */ = {
			isa = XCBuildConfiguration;
			buildSettings = {
				ALWAYS_EMBED_SWIFT_STANDARD_LIBRARIES = YES;
				BUNDLE_LOADER = "$(TEST_HOST)";
				INFOPLIST_FILE = SkyControlTests/Info.plist;
				LD_RUNPATH_SEARCH_PATHS = "$(inherited) @executable_path/Frameworks @loader_path/Frameworks";
				PRODUCT_BUNDLE_IDENTIFIER = dd.SkyControlTests;
				PRODUCT_NAME = "$(TARGET_NAME)";
				SWIFT_VERSION = 3.0;
				TEST_HOST = "$(BUILT_PRODUCTS_DIR)/SkyControl.app/SkyControl";
			};
			name = Release;
		};
/* End XCBuildConfiguration section */

/* Begin XCConfigurationList section */
		AB6E1F071DFE5B8900A9E5B0 /* Build configuration list for PBXProject "SkyControl" */ = {
			isa = XCConfigurationList;
			buildConfigurations = (
				AB6E1F271DFE5B8A00A9E5B0 /* Debug */,
				AB6E1F281DFE5B8A00A9E5B0 /* Release */,
			);
			defaultConfigurationIsVisible = 0;
			defaultConfigurationName = Release;
		};
		AB6E1F291DFE5B8A00A9E5B0 /* Build configuration list for PBXNativeTarget "SkyControl" */ = {
			isa = XCConfigurationList;
			buildConfigurations = (
				AB6E1F2A1DFE5B8A00A9E5B0 /* Debug */,
				AB6E1F2B1DFE5B8A00A9E5B0 /* Release */,
			);
			defaultConfigurationIsVisible = 0;
			defaultConfigurationName = Release;
		};
		AB6E1F2C1DFE5B8A00A9E5B0 /* Build configuration list for PBXNativeTarget "SkyControlTests" */ = {
			isa = XCConfigurationList;
			buildConfigurations = (
				AB6E1F2D1DFE5B8A00A9E5B0 /* Debug */,
				AB6E1F2E1DFE5B8A00A9E5B0 /* Release */,
			);
			defaultConfigurationIsVisible = 0;
			defaultConfigurationName = Release;
		};
/* End XCConfigurationList section */
	};
	rootObject = AB6E1F041DFE5B8900A9E5B0 /* Project object */;
}
